
Microsoft Visual Studio Solution File, Format Version 12.00
# Visual Studio Version 17
VisualStudioVersion = 17.0.31903.59
MinimumVisualStudioVersion = 10.0.40219.1
Project("{FAE04EC0-301F-11D3-BF4B-00C04F79EFBC}") = "TimeTrackingApp", "TimeTracking.csproj", "{876AA59F-1AA0-4ACF-85FA-30094E5F585C}"
EndProject
Global
	GlobalSection(SolutionConfigurationPlatforms) = preSolution
		Debug|Any CPU = Debug|Any CPU
		Release|Any CPU = Release|Any CPU
	EndGlobalSection
	GlobalSection(SolutionProperties) = preSolution
		HideSolutionNode = FALSE
	EndGlobalSection
	GlobalSection(ProjectConfigurationPlatforms) = postSolution
		{876AA59F-1AA0-4ACF-85FA-30094E5F585C}.Debug|Any CPU.ActiveCfg = Debug|Any CPU
		{876AA59F-1AA0-4ACF-85FA-30094E5F585C}.Debug|Any CPU.Build.0 = Debug|Any CPU
		{876AA59F-1AA0-4ACF-85FA-30094E5F585C}.Release|Any CPU.ActiveCfg = Release|Any CPU
		{876AA59F-1AA0-4ACF-85FA-30094E5F585C}.Release|Any CPU.Build.0 = Release|Any CPU
	EndGlobalSection
EndGlobal
